<?xml version="1.0" encoding="utf-8"?>
<Project ToolsVersion="4.0" xmlns="http://schemas.microsoft.com/developer/msbuild/2003">
  <ItemGroup>
    <ClCompile Include="..\extern\glad\glad.c">
      <Filter>Glad</Filter>
    </ClCompile>
    <ClCompile Include="BMUtil.cpp">
      <Filter>Core</Filter>
    </ClCompile>
    <ClCompile Include="Camera.cpp">
      <Filter>Rendering</Filter>
    </ClCompile>
    <ClCompile Include="ColorUtil.cpp">
      <Filter>Core</Filter>
    </ClCompile>
    <ClCompile Include="main.cpp">
      <Filter>Core</Filter>
    </ClCompile>
    <ClCompile Include="MeshRenderData.cpp">
      <Filter>Core</Filter>
    </ClCompile>
    <ClCompile Include="MeshData.cpp">
      <Filter>Core</Filter>
    </ClCompile>
    <ClCompile Include="MeshUtil.cpp">
      <Filter>Core</Filter>
    </ClCompile>
    <ClCompile Include="ShaderProgram.cpp">
      <Filter>Rendering</Filter>
    </ClCompile>
    <ClCompile Include="Application.cpp">
      <Filter>Core</Filter>
    </ClCompile>
    <ClCompile Include="GLuniform.cpp">
      <Filter>Rendering</Filter>
    </ClCompile>
    <ClCompile Include="GLBabysitter.cpp">
      <Filter>Rendering</Filter>
    </ClCompile>
    <ClCompile Include="Maths.cpp">
      <Filter>Core</Filter>
    </ClCompile>
    <ClCompile Include="AssetDatabase.cpp">
      <Filter>Assets</Filter>
    </ClCompile>
    <ClCompile Include="CameraController.cpp" />
    <ClCompile Include="MeshInstance.cpp">
      <Filter>Core</Filter>
    </ClCompile>
    <ClCompile Include="LightingEnviroment.cpp">
      <Filter>Rendering\Lighting</Filter>
    </ClCompile>
    <ClCompile Include="Input.cpp">
      <Filter>Core</Filter>
    </ClCompile>
    <ClCompile Include="..\extern\imgui\imgui.cpp">
      <Filter>imgui</Filter>
    </ClCompile>
    <ClCompile Include="..\extern\imgui\imgui_demo.cpp">
      <Filter>imgui</Filter>
    </ClCompile>
    <ClCompile Include="..\extern\imgui\imgui_draw.cpp">
      <Filter>imgui</Filter>
    </ClCompile>
    <ClCompile Include="..\extern\imgui\imgui_impl_glfw.cpp">
      <Filter>imgui</Filter>
    </ClCompile>
    <ClCompile Include="..\extern\imgui\imgui_impl_opengl3.cpp">
      <Filter>imgui</Filter>
    </ClCompile>
    <ClCompile Include="..\extern\imgui\imgui_tables.cpp">
      <Filter>imgui</Filter>
    </ClCompile>
    <ClCompile Include="..\extern\imgui\imgui_widgets.cpp">
      <Filter>imgui</Filter>
    </ClCompile>
    <ClCompile Include="KeyTable.cpp">
      <Filter>Core</Filter>
    </ClCompile>
    <ClCompile Include="RenderTarget.cpp">
      <Filter>Rendering</Filter>
    </ClCompile>
    <ClCompile Include="FileIO.cpp">
      <Filter>Core</Filter>
    </ClCompile>
    <ClCompile Include="ShaderPreprocessor.cpp">
      <Filter>Rendering</Filter>
    </ClCompile>
    <ClCompile Include="Texture.cpp">
      <Filter>Rendering</Filter>
    </ClCompile>
    <ClCompile Include="Material.cpp">
      <Filter>Rendering</Filter>
    </ClCompile>
    <ClCompile Include="Skybox.cpp">
      <Filter>Rendering</Filter>
    </ClCompile>
    <ClCompile Include="Asset.cpp">
      <Filter>Assets</Filter>
    </ClCompile>
    <ClCompile Include="DrawGUIListener.cpp">
      <Filter>Core</Filter>
    </ClCompile>
    <ClCompile Include="FileUtility.cpp">
      <Filter>Utility</Filter>
    </ClCompile>
    <ClCompile Include="AssetDatabasePredicate.cpp">
      <Filter>Assets</Filter>
    </ClCompile>
    <ClCompile Include="UniformBufferObject.cpp">
      <Filter>Rendering</Filter>
    </ClCompile>
    <ClCompile Include="LogMaster.cpp">
      <Filter>LogMaster</Filter>
    </ClCompile>
  </ItemGroup>
  <ItemGroup>
    <Filter Include="Rendering">
      <UniqueIdentifier>{fae0a39e-2266-4b39-98a4-1fdace3f9dc6}</UniqueIdentifier>
    </Filter>
    <Filter Include="Core">
      <UniqueIdentifier>{75f7bb83-1e25-425d-88ad-ab252016f88c}</UniqueIdentifier>
    </Filter>
    <Filter Include="Glad">
      <UniqueIdentifier>{93a838e1-958b-45d7-b416-a2799e1ec061}</UniqueIdentifier>
    </Filter>
    <Filter Include="Assets">
      <UniqueIdentifier>{b4d17bd1-7312-4426-8a37-789f9d24f9aa}</UniqueIdentifier>
    </Filter>
    <Filter Include="Rendering\Lighting">
      <UniqueIdentifier>{8269d0e4-e8e6-4f4f-b2b1-4d84b6de4167}</UniqueIdentifier>
    </Filter>
    <Filter Include="stb">
      <UniqueIdentifier>{3e1572a9-7751-4287-acb8-810480c24c25}</UniqueIdentifier>
    </Filter>
    <Filter Include="imgui">
      <UniqueIdentifier>{9d758e65-6161-468b-842c-3ce9b5ac10ec}</UniqueIdentifier>
    </Filter>
    <Filter Include="Utility">
      <UniqueIdentifier>{2e8f87eb-5248-4d5e-b44d-2590a6f24c75}</UniqueIdentifier>
    </Filter>
    <Filter Include="LogMaster">
      <UniqueIdentifier>{b07ab74d-5bb6-4c73-8ba5-6f40963090a4}</UniqueIdentifier>
    </Filter>
  </ItemGroup>
  <ItemGroup>
    <ClInclude Include="..\extern\glad\khrplatform.h">
      <Filter>Glad</Filter>
    </ClInclude>
    <ClInclude Include="..\extern\glad\glad.h">
      <Filter>Glad</Filter>
    </ClInclude>
    <ClInclude Include="BMUtil.h">
      <Filter>Core</Filter>
    </ClInclude>
    <ClInclude Include="Camera.h">
      <Filter>Rendering</Filter>
    </ClInclude>
    <ClInclude Include="ColorUtil.h">
      <Filter>Core</Filter>
    </ClInclude>
    <ClInclude Include="Graphics.h">
      <Filter>Rendering</Filter>
    </ClInclude>
    <ClInclude Include="Maths.h">
      <Filter>Core</Filter>
    </ClInclude>
    <ClInclude Include="MeshRenderData.h">
      <Filter>Core</Filter>
    </ClInclude>
    <ClInclude Include="MeshData.h">
      <Filter>Core</Filter>
    </ClInclude>
    <ClInclude Include="MeshUtil.h">
      <Filter>Core</Filter>
    </ClInclude>
    <ClInclude Include="ShaderProgram.h">
      <Filter>Rendering</Filter>
    </ClInclude>
    <ClInclude Include="Application.h">
      <Filter>Core</Filter>
    </ClInclude>
    <ClInclude Include="GLuniform.h">
      <Filter>Rendering</Filter>
    </ClInclude>
    <ClInclude Include="GLBabysitter.h">
      <Filter>Rendering</Filter>
    </ClInclude>
    <ClInclude Include="AssetDatabase.h">
      <Filter>Assets</Filter>
    </ClInclude>
    <ClInclude Include="CameraController.h" />
    <ClInclude Include="Texture.h">
      <Filter>Rendering</Filter>
    </ClInclude>
    <ClInclude Include="MeshInstance.h">
      <Filter>Core</Filter>
    </ClInclude>
    <ClInclude Include="LightingEnviroment.h">
      <Filter>Rendering\Lighting</Filter>
    </ClInclude>
    <ClInclude Include="DirectionalLightData.h">
      <Filter>Rendering\Lighting</Filter>
    </ClInclude>
    <ClInclude Include="ShaderPreprocessor.h">
      <Filter>Rendering</Filter>
    </ClInclude>
    <ClInclude Include="stb_include.h">
      <Filter>stb</Filter>
    </ClInclude>
    <ClInclude Include="Input.h">
      <Filter>Core</Filter>
    </ClInclude>
    <ClInclude Include="..\extern\imgui\dirent.h">
      <Filter>imgui</Filter>
    </ClInclude>
    <ClInclude Include="..\extern\imgui\imconfig.h">
      <Filter>imgui</Filter>
    </ClInclude>
    <ClInclude Include="..\extern\imgui\imgui.h">
      <Filter>imgui</Filter>
    </ClInclude>
    <ClInclude Include="..\extern\imgui\imgui_impl_glfw.h">
      <Filter>imgui</Filter>
    </ClInclude>
    <ClInclude Include="..\extern\imgui\imgui_impl_opengl3.h">
      <Filter>imgui</Filter>
    </ClInclude>
    <ClInclude Include="..\extern\imgui\imgui_impl_opengl3_loader.h">
      <Filter>imgui</Filter>
    </ClInclude>
    <ClInclude Include="..\extern\imgui\imgui_internal.h">
      <Filter>imgui</Filter>
    </ClInclude>
    <ClInclude Include="..\extern\imgui\imstb_rectpack.h">
      <Filter>imgui</Filter>
    </ClInclude>
    <ClInclude Include="..\extern\imgui\imstb_textedit.h">
      <Filter>imgui</Filter>
    </ClInclude>
    <ClInclude Include="..\extern\imgui\imstb_truetype.h">
      <Filter>imgui</Filter>
    </ClInclude>
    <ClInclude Include="KeyTable.h">
      <Filter>Core</Filter>
    </ClInclude>
    <ClInclude Include="RenderTarget.h">
      <Filter>Rendering</Filter>
    </ClInclude>
    <ClInclude Include="FileIO.h">
      <Filter>Core</Filter>
    </ClInclude>
    <ClInclude Include="stb_image.h">
      <Filter>stb</Filter>
    </ClInclude>
    <ClInclude Include="Material.h">
      <Filter>Rendering</Filter>
    </ClInclude>
    <ClInclude Include="Skybox.h">
      <Filter>Rendering</Filter>
    </ClInclude>
    <ClInclude Include="Asset.h">
      <Filter>Assets</Filter>
    </ClInclude>
    <ClInclude Include="DrawGUIListener.h">
      <Filter>Core</Filter>
    </ClInclude>
    <ClInclude Include="FileUtility.h">
      <Filter>Utility</Filter>
    </ClInclude>
    <ClInclude Include="Tree.h">
      <Filter>Core</Filter>
    </ClInclude>
    <ClInclude Include="AssetDatabasePredicate.h">
      <Filter>Assets</Filter>
    </ClInclude>
    <ClInclude Include="UniformBufferObject.h">
      <Filter>Rendering</Filter>
    </ClInclude>
    <ClInclude Include="LogMaster.h">
      <Filter>LogMaster</Filter>
    </ClInclude>
  </ItemGroup>
</Project>