<?xml version="1.0" encoding="utf-8"?>
<Project ToolsVersion="4.0" xmlns="http://schemas.microsoft.com/developer/msbuild/2003">
  <ItemGroup>
    <ClCompile Include="..\extern\glad\glad.c">
      <Filter>External\Glad</Filter>
    </ClCompile>
    <ClCompile Include="Application.cpp">
      <Filter>Core</Filter>
    </ClCompile>
    <ClCompile Include="AssetDatabase.cpp">
      <Filter>Assets</Filter>
    </ClCompile>
    <ClCompile Include="LightingEnviroment.cpp">
      <Filter>Rendering\Lighting</Filter>
    </ClCompile>
    <ClCompile Include="Input.cpp">
      <Filter>Core</Filter>
    </ClCompile>
    <ClCompile Include="..\extern\imgui\imgui.cpp">
      <Filter>External\imgui</Filter>
    </ClCompile>
    <ClCompile Include="..\extern\imgui\imgui_demo.cpp">
      <Filter>External\imgui</Filter>
    </ClCompile>
    <ClCompile Include="..\extern\imgui\imgui_draw.cpp">
      <Filter>External\imgui</Filter>
    </ClCompile>
    <ClCompile Include="..\extern\imgui\imgui_impl_glfw.cpp">
      <Filter>External\imgui</Filter>
    </ClCompile>
    <ClCompile Include="..\extern\imgui\imgui_impl_opengl3.cpp">
      <Filter>External\imgui</Filter>
    </ClCompile>
    <ClCompile Include="..\extern\imgui\imgui_tables.cpp">
      <Filter>External\imgui</Filter>
    </ClCompile>
    <ClCompile Include="..\extern\imgui\imgui_widgets.cpp">
      <Filter>External\imgui</Filter>
    </ClCompile>
    <ClCompile Include="KeyTable.cpp">
      <Filter>Core</Filter>
    </ClCompile>
    <ClCompile Include="RenderTarget.cpp">
      <Filter>Rendering</Filter>
    </ClCompile>
    <ClCompile Include="Asset.cpp">
      <Filter>Assets</Filter>
    </ClCompile>
    <ClCompile Include="FileUtility.cpp">
      <Filter>Utility</Filter>
    </ClCompile>
    <ClCompile Include="AssetDatabasePredicate.cpp">
      <Filter>Assets</Filter>
    </ClCompile>
    <ClCompile Include="LogMaster.cpp">
      <Filter>External\LogMaster</Filter>
    </ClCompile>
    <ClCompile Include="StringUtility.cpp">
      <Filter>Utility</Filter>
    </ClCompile>
    <ClCompile Include="MeshInstance.cpp">
      <Filter>Core\Mesh</Filter>
    </ClCompile>
    <ClCompile Include="Submesh.cpp">
      <Filter>Core\Mesh</Filter>
    </ClCompile>
    <ClCompile Include="ColorUtility.cpp">
      <Filter>Utility</Filter>
    </ClCompile>
    <ClCompile Include="main.cpp" />
    <ClCompile Include="Maths.cpp">
      <Filter>Utility</Filter>
    </ClCompile>
    <ClCompile Include="Scene.cpp">
      <Filter>Scenes</Filter>
    </ClCompile>
    <ClCompile Include="SceneObject.cpp">
      <Filter>Scenes</Filter>
    </ClCompile>
    <ClCompile Include="RenderPipeline.cpp">
      <Filter>Rendering</Filter>
    </ClCompile>
    <ClCompile Include="RenderProfillingContext.cpp">
      <Filter>Rendering</Filter>
    </ClCompile>
    <ClCompile Include="Camera.cpp">
      <Filter>Rendering\Camera</Filter>
    </ClCompile>
    <ClCompile Include="CameraController.cpp">
      <Filter>Rendering\Camera</Filter>
    </ClCompile>
    <ClCompile Include="GLBabysitter.cpp">
      <Filter>Rendering\Debugging</Filter>
    </ClCompile>
    <ClCompile Include="GLuniform.cpp">
      <Filter>Rendering\Communication</Filter>
    </ClCompile>
    <ClCompile Include="ShaderProgram.cpp">
      <Filter>Rendering\Shaders</Filter>
    </ClCompile>
    <ClCompile Include="UniformBufferObject.cpp">
      <Filter>Rendering\Communication</Filter>
    </ClCompile>
    <ClCompile Include="Skybox.cpp">
      <Filter>Rendering\Materials</Filter>
    </ClCompile>
    <ClCompile Include="Material.cpp">
      <Filter>Rendering\Materials</Filter>
    </ClCompile>
    <ClCompile Include="Texture.cpp">
      <Filter>Assets</Filter>
    </ClCompile>
    <ClCompile Include="Mesh.cpp">
      <Filter>Assets</Filter>
    </ClCompile>
    <ClCompile Include="DirectionalLight.cpp">
      <Filter>Rendering\Lighting</Filter>
    </ClCompile>
    <ClCompile Include="InspectorUtility.cpp">
      <Filter>Utility</Filter>
    </ClCompile>
    <ClCompile Include="InputDevice.cpp">
      <Filter>Core</Filter>
    </ClCompile>
    <ClCompile Include="Mouse.cpp">
      <Filter>Core</Filter>
    </ClCompile>
    <ClCompile Include="ShaderCompiler.cpp">
      <Filter>Rendering\Shaders</Filter>
    </ClCompile>
    <ClCompile Include="..\extern\yaml-cpp\src\binary.cpp">
      <Filter>External\YAML</Filter>
    </ClCompile>
    <ClCompile Include="..\extern\yaml-cpp\src\convert.cpp">
      <Filter>External\YAML</Filter>
    </ClCompile>
    <ClCompile Include="..\extern\yaml-cpp\src\depthguard.cpp">
      <Filter>External\YAML</Filter>
    </ClCompile>
    <ClCompile Include="..\extern\yaml-cpp\src\directives.cpp">
      <Filter>External\YAML</Filter>
    </ClCompile>
    <ClCompile Include="..\extern\yaml-cpp\src\emit.cpp">
      <Filter>External\YAML</Filter>
    </ClCompile>
    <ClCompile Include="..\extern\yaml-cpp\src\emitfromevents.cpp">
      <Filter>External\YAML</Filter>
    </ClCompile>
    <ClCompile Include="..\extern\yaml-cpp\src\emitter.cpp">
      <Filter>External\YAML</Filter>
    </ClCompile>
    <ClCompile Include="..\extern\yaml-cpp\src\emitterstate.cpp">
      <Filter>External\YAML</Filter>
    </ClCompile>
    <ClCompile Include="..\extern\yaml-cpp\src\emitterutils.cpp">
      <Filter>External\YAML</Filter>
    </ClCompile>
    <ClCompile Include="..\extern\yaml-cpp\src\exceptions.cpp">
      <Filter>External\YAML</Filter>
    </ClCompile>
    <ClCompile Include="..\extern\yaml-cpp\src\exp.cpp">
      <Filter>External\YAML</Filter>
    </ClCompile>
    <ClCompile Include="..\extern\yaml-cpp\src\memory.cpp">
      <Filter>External\YAML</Filter>
    </ClCompile>
    <ClCompile Include="..\extern\yaml-cpp\src\node.cpp">
      <Filter>External\YAML</Filter>
    </ClCompile>
    <ClCompile Include="..\extern\yaml-cpp\src\node_data.cpp">
      <Filter>External\YAML</Filter>
    </ClCompile>
    <ClCompile Include="..\extern\yaml-cpp\src\nodebuilder.cpp">
      <Filter>External\YAML</Filter>
    </ClCompile>
    <ClCompile Include="..\extern\yaml-cpp\src\nodeevents.cpp">
      <Filter>External\YAML</Filter>
    </ClCompile>
    <ClCompile Include="..\extern\yaml-cpp\src\null.cpp">
      <Filter>External\YAML</Filter>
    </ClCompile>
    <ClCompile Include="..\extern\yaml-cpp\src\ostream_wrapper.cpp">
      <Filter>External\YAML</Filter>
    </ClCompile>
    <ClCompile Include="..\extern\yaml-cpp\src\parse.cpp">
      <Filter>External\YAML</Filter>
    </ClCompile>
    <ClCompile Include="..\extern\yaml-cpp\src\parser.cpp">
      <Filter>External\YAML</Filter>
    </ClCompile>
    <ClCompile Include="..\extern\yaml-cpp\src\regex_yaml.cpp">
      <Filter>External\YAML</Filter>
    </ClCompile>
    <ClCompile Include="..\extern\yaml-cpp\src\scanner.cpp">
      <Filter>External\YAML</Filter>
    </ClCompile>
    <ClCompile Include="..\extern\yaml-cpp\src\scanscalar.cpp">
      <Filter>External\YAML</Filter>
    </ClCompile>
    <ClCompile Include="..\extern\yaml-cpp\src\scantag.cpp">
      <Filter>External\YAML</Filter>
    </ClCompile>
    <ClCompile Include="..\extern\yaml-cpp\src\scantoken.cpp">
      <Filter>External\YAML</Filter>
    </ClCompile>
    <ClCompile Include="..\extern\yaml-cpp\src\simplekey.cpp">
      <Filter>External\YAML</Filter>
    </ClCompile>
    <ClCompile Include="..\extern\yaml-cpp\src\singledocparser.cpp">
      <Filter>External\YAML</Filter>
    </ClCompile>
    <ClCompile Include="..\extern\yaml-cpp\src\stream.cpp">
      <Filter>External\YAML</Filter>
    </ClCompile>
    <ClCompile Include="..\extern\yaml-cpp\src\tag.cpp">
      <Filter>External\YAML</Filter>
    </ClCompile>
    <ClCompile Include="PointLight.cpp">
      <Filter>Rendering\Lighting</Filter>
    </ClCompile>
    <ClCompile Include="..\extern\imguizmo\GraphEditor.cpp">
      <Filter>External\ImGuizmo</Filter>
    </ClCompile>
    <ClCompile Include="..\extern\imguizmo\ImCurveEdit.cpp">
      <Filter>External\ImGuizmo</Filter>
    </ClCompile>
    <ClCompile Include="..\extern\imguizmo\ImGradient.cpp">
      <Filter>External\ImGuizmo</Filter>
    </ClCompile>
    <ClCompile Include="..\extern\imguizmo\ImGuizmo.cpp">
      <Filter>External\ImGuizmo</Filter>
    </ClCompile>
    <ClCompile Include="..\extern\imguizmo\ImSequencer.cpp">
      <Filter>External\ImGuizmo</Filter>
    </ClCompile>
  </ItemGroup>
  <ItemGroup>
    <Filter Include="Rendering">
      <UniqueIdentifier>{fae0a39e-2266-4b39-98a4-1fdace3f9dc6}</UniqueIdentifier>
    </Filter>
    <Filter Include="Core">
      <UniqueIdentifier>{75f7bb83-1e25-425d-88ad-ab252016f88c}</UniqueIdentifier>
    </Filter>
    <Filter Include="Assets">
      <UniqueIdentifier>{b4d17bd1-7312-4426-8a37-789f9d24f9aa}</UniqueIdentifier>
    </Filter>
    <Filter Include="Rendering\Lighting">
      <UniqueIdentifier>{8269d0e4-e8e6-4f4f-b2b1-4d84b6de4167}</UniqueIdentifier>
    </Filter>
    <Filter Include="Utility">
      <UniqueIdentifier>{2e8f87eb-5248-4d5e-b44d-2590a6f24c75}</UniqueIdentifier>
    </Filter>
    <Filter Include="Core\Mesh">
      <UniqueIdentifier>{08105f69-c234-4382-a445-5a1fe3d84fee}</UniqueIdentifier>
    </Filter>
    <Filter Include="Scenes">
      <UniqueIdentifier>{d76cfaef-a1a0-4fa3-89e8-01aaacbac78a}</UniqueIdentifier>
    </Filter>
    <Filter Include="Rendering\Camera">
      <UniqueIdentifier>{bfab3076-6bbd-4862-917f-c182e5deb739}</UniqueIdentifier>
    </Filter>
    <Filter Include="Rendering\Debugging">
      <UniqueIdentifier>{3b441d6f-bffc-442f-b860-8471928d559e}</UniqueIdentifier>
    </Filter>
    <Filter Include="Rendering\Shaders">
      <UniqueIdentifier>{f6068f41-7598-49b1-95dc-46b27f44e1d3}</UniqueIdentifier>
    </Filter>
    <Filter Include="Rendering\Communication">
      <UniqueIdentifier>{4ee2ba75-38e9-4c39-b4a8-6868c5ad63e8}</UniqueIdentifier>
    </Filter>
    <Filter Include="Rendering\Materials">
      <UniqueIdentifier>{b7f5711b-1e8b-4a3a-b5e6-e43f3a54da8a}</UniqueIdentifier>
    </Filter>
    <Filter Include="External">
      <UniqueIdentifier>{199bfcfa-ff7a-46e5-9149-e161abe02aae}</UniqueIdentifier>
    </Filter>
    <Filter Include="External\Glad">
      <UniqueIdentifier>{93a838e1-958b-45d7-b416-a2799e1ec061}</UniqueIdentifier>
    </Filter>
    <Filter Include="External\imgui">
      <UniqueIdentifier>{9d758e65-6161-468b-842c-3ce9b5ac10ec}</UniqueIdentifier>
    </Filter>
    <Filter Include="External\LogMaster">
      <UniqueIdentifier>{b07ab74d-5bb6-4c73-8ba5-6f40963090a4}</UniqueIdentifier>
    </Filter>
    <Filter Include="External\stb">
      <UniqueIdentifier>{3e1572a9-7751-4287-acb8-810480c24c25}</UniqueIdentifier>
    </Filter>
    <Filter Include="External\YAML">
      <UniqueIdentifier>{be07cb15-86a3-40c2-965a-385a3e78d7f4}</UniqueIdentifier>
    </Filter>
    <Filter Include="Shaders">
      <UniqueIdentifier>{9baf9265-32f9-49c2-9e3d-63710a8ecd6e}</UniqueIdentifier>
    </Filter>
    <Filter Include="Shaders\lib">
      <UniqueIdentifier>{a201eddb-cdfc-4217-b7ae-0c59602e4a66}</UniqueIdentifier>
    </Filter>
    <Filter Include="External\ImGuizmo">
      <UniqueIdentifier>{5c5910c4-ebf4-470f-bdfc-8a3e960e2ce8}</UniqueIdentifier>
    </Filter>
  </ItemGroup>
  <ItemGroup>
    <ClInclude Include="..\extern\glad\khrplatform.h">
      <Filter>External\Glad</Filter>
    </ClInclude>
    <ClInclude Include="..\extern\glad\glad.h">
      <Filter>External\Glad</Filter>
    </ClInclude>
    <ClInclude Include="Graphics.h">
      <Filter>Rendering</Filter>
    </ClInclude>
    <ClInclude Include="Application.h">
      <Filter>Core</Filter>
    </ClInclude>
    <ClInclude Include="AssetDatabase.h">
      <Filter>Assets</Filter>
    </ClInclude>
    <ClInclude Include="LightingEnviroment.h">
      <Filter>Rendering\Lighting</Filter>
    </ClInclude>
    <ClInclude Include="stb_include.h">
      <Filter>External\stb</Filter>
    </ClInclude>
    <ClInclude Include="Input.h">
      <Filter>Core</Filter>
    </ClInclude>
    <ClInclude Include="..\extern\imgui\dirent.h">
      <Filter>External\imgui</Filter>
    </ClInclude>
    <ClInclude Include="..\extern\imgui\imconfig.h">
      <Filter>External\imgui</Filter>
    </ClInclude>
    <ClInclude Include="..\extern\imgui\imgui.h">
      <Filter>External\imgui</Filter>
    </ClInclude>
    <ClInclude Include="..\extern\imgui\imgui_impl_glfw.h">
      <Filter>External\imgui</Filter>
    </ClInclude>
    <ClInclude Include="..\extern\imgui\imgui_impl_opengl3.h">
      <Filter>External\imgui</Filter>
    </ClInclude>
    <ClInclude Include="..\extern\imgui\imgui_impl_opengl3_loader.h">
      <Filter>External\imgui</Filter>
    </ClInclude>
    <ClInclude Include="..\extern\imgui\imgui_internal.h">
      <Filter>External\imgui</Filter>
    </ClInclude>
    <ClInclude Include="..\extern\imgui\imstb_rectpack.h">
      <Filter>External\imgui</Filter>
    </ClInclude>
    <ClInclude Include="..\extern\imgui\imstb_textedit.h">
      <Filter>External\imgui</Filter>
    </ClInclude>
    <ClInclude Include="..\extern\imgui\imstb_truetype.h">
      <Filter>External\imgui</Filter>
    </ClInclude>
    <ClInclude Include="KeyTable.h">
      <Filter>Core</Filter>
    </ClInclude>
    <ClInclude Include="RenderTarget.h">
      <Filter>Rendering</Filter>
    </ClInclude>
    <ClInclude Include="stb_image.h">
      <Filter>External\stb</Filter>
    </ClInclude>
    <ClInclude Include="Asset.h">
      <Filter>Assets</Filter>
    </ClInclude>
    <ClInclude Include="FileUtility.h">
      <Filter>Utility</Filter>
    </ClInclude>
    <ClInclude Include="AssetDatabasePredicate.h">
      <Filter>Assets</Filter>
    </ClInclude>
    <ClInclude Include="LogMaster.h">
      <Filter>External\LogMaster</Filter>
    </ClInclude>
    <ClInclude Include="StringUtility.h">
      <Filter>Utility</Filter>
    </ClInclude>
    <ClInclude Include="MeshInstance.h">
      <Filter>Core\Mesh</Filter>
    </ClInclude>
    <ClInclude Include="VertexData.h">
      <Filter>Core\Mesh</Filter>
    </ClInclude>
    <ClInclude Include="Submesh.h">
      <Filter>Core\Mesh</Filter>
    </ClInclude>
    <ClInclude Include="ColorUtility.h">
      <Filter>Utility</Filter>
    </ClInclude>
    <ClInclude Include="Maths.h">
      <Filter>Utility</Filter>
    </ClInclude>
    <ClInclude Include="Scene.h">
      <Filter>Scenes</Filter>
    </ClInclude>
    <ClInclude Include="SceneObject.h">
      <Filter>Scenes</Filter>
    </ClInclude>
    <ClInclude Include="RenderPipeline.h">
      <Filter>Rendering</Filter>
    </ClInclude>
    <ClInclude Include="RenderProfillingContext.h">
      <Filter>Rendering</Filter>
    </ClInclude>
    <ClInclude Include="Camera.h">
      <Filter>Rendering\Camera</Filter>
    </ClInclude>
    <ClInclude Include="CameraController.h">
      <Filter>Rendering\Camera</Filter>
    </ClInclude>
    <ClInclude Include="GLBabysitter.h">
      <Filter>Rendering\Debugging</Filter>
    </ClInclude>
    <ClInclude Include="GLuniform.h">
      <Filter>Rendering\Communication</Filter>
    </ClInclude>
    <ClInclude Include="ShaderProgram.h">
      <Filter>Rendering\Shaders</Filter>
    </ClInclude>
    <ClInclude Include="UniformBufferObject.h">
      <Filter>Rendering\Communication</Filter>
    </ClInclude>
    <ClInclude Include="Skybox.h">
      <Filter>Rendering\Materials</Filter>
    </ClInclude>
    <ClInclude Include="Material.h">
      <Filter>Rendering\Materials</Filter>
    </ClInclude>
    <ClInclude Include="Texture.h">
      <Filter>Assets</Filter>
    </ClInclude>
    <ClInclude Include="Mesh.h">
      <Filter>Assets</Filter>
    </ClInclude>
    <ClInclude Include="DirectionalLight.h">
      <Filter>Rendering\Lighting</Filter>
    </ClInclude>
    <ClInclude Include="PointLight.h">
      <Filter>Rendering\Lighting</Filter>
    </ClInclude>
    <ClInclude Include="InspectorUtility.h">
      <Filter>Utility</Filter>
    </ClInclude>
    <ClInclude Include="Mouse.h">
      <Filter>Core</Filter>
    </ClInclude>
    <ClInclude Include="InputDevice.h">
      <Filter>Core</Filter>
    </ClInclude>
    <ClInclude Include="ShaderCompiler.h">
      <Filter>Rendering\Shaders</Filter>
    </ClInclude>
    <ClInclude Include="..\extern\yaml-cpp\src\collectionstack.h">
      <Filter>External\YAML</Filter>
    </ClInclude>
    <ClInclude Include="..\extern\yaml-cpp\src\directives.h">
      <Filter>External\YAML</Filter>
    </ClInclude>
    <ClInclude Include="..\extern\yaml-cpp\src\emitterstate.h">
      <Filter>External\YAML</Filter>
    </ClInclude>
    <ClInclude Include="..\extern\yaml-cpp\src\emitterutils.h">
      <Filter>External\YAML</Filter>
    </ClInclude>
    <ClInclude Include="..\extern\yaml-cpp\src\exp.h">
      <Filter>External\YAML</Filter>
    </ClInclude>
    <ClInclude Include="..\extern\yaml-cpp\src\indentation.h">
      <Filter>External\YAML</Filter>
    </ClInclude>
    <ClInclude Include="..\extern\yaml-cpp\src\nodebuilder.h">
      <Filter>External\YAML</Filter>
    </ClInclude>
    <ClInclude Include="..\extern\yaml-cpp\src\nodeevents.h">
      <Filter>External\YAML</Filter>
    </ClInclude>
    <ClInclude Include="..\extern\yaml-cpp\src\ptr_vector.h">
      <Filter>External\YAML</Filter>
    </ClInclude>
    <ClInclude Include="..\extern\yaml-cpp\src\regex_yaml.h">
      <Filter>External\YAML</Filter>
    </ClInclude>
    <ClInclude Include="..\extern\yaml-cpp\src\regeximpl.h">
      <Filter>External\YAML</Filter>
    </ClInclude>
    <ClInclude Include="..\extern\yaml-cpp\src\scanner.h">
      <Filter>External\YAML</Filter>
    </ClInclude>
    <ClInclude Include="..\extern\yaml-cpp\src\scanscalar.h">
      <Filter>External\YAML</Filter>
    </ClInclude>
    <ClInclude Include="..\extern\yaml-cpp\src\scantag.h">
      <Filter>External\YAML</Filter>
    </ClInclude>
    <ClInclude Include="..\extern\yaml-cpp\src\setting.h">
      <Filter>External\YAML</Filter>
    </ClInclude>
    <ClInclude Include="..\extern\yaml-cpp\src\singledocparser.h">
      <Filter>External\YAML</Filter>
    </ClInclude>
    <ClInclude Include="..\extern\yaml-cpp\src\stream.h">
      <Filter>External\YAML</Filter>
    </ClInclude>
    <ClInclude Include="..\extern\yaml-cpp\src\streamcharsource.h">
      <Filter>External\YAML</Filter>
    </ClInclude>
    <ClInclude Include="..\extern\yaml-cpp\src\stringsource.h">
      <Filter>External\YAML</Filter>
    </ClInclude>
    <ClInclude Include="..\extern\yaml-cpp\src\tag.h">
      <Filter>External\YAML</Filter>
    </ClInclude>
    <ClInclude Include="..\extern\yaml-cpp\src\token.h">
      <Filter>External\YAML</Filter>
    </ClInclude>
    <ClInclude Include="..\extern\imguizmo\GraphEditor.h">
      <Filter>External\ImGuizmo</Filter>
    </ClInclude>
    <ClInclude Include="..\extern\imguizmo\ImCurveEdit.h">
      <Filter>External\ImGuizmo</Filter>
    </ClInclude>
    <ClInclude Include="..\extern\imguizmo\ImGradient.h">
      <Filter>External\ImGuizmo</Filter>
    </ClInclude>
    <ClInclude Include="..\extern\imguizmo\ImGuizmo.h">
      <Filter>External\ImGuizmo</Filter>
    </ClInclude>
    <ClInclude Include="..\extern\imguizmo\ImSequencer.h">
      <Filter>External\ImGuizmo</Filter>
    </ClInclude>
    <ClInclude Include="..\extern\imguizmo\ImZoomSlider.h">
      <Filter>External\ImGuizmo</Filter>
    </ClInclude>
  </ItemGroup>
  <ItemGroup>
    <None Include="..\Assets\Shaders\fallback.frag">
      <Filter>Shaders</Filter>
    </None>
    <None Include="..\Assets\Shaders\fallback.vert">
      <Filter>Shaders</Filter>
    </None>
    <None Include="..\Assets\Shaders\fallback.yaml">
      <Filter>Shaders</Filter>
    </None>
    <None Include="..\Assets\Shaders\shader.frag">
      <Filter>Shaders</Filter>
    </None>
    <None Include="..\Assets\Shaders\shader.vert">
      <Filter>Shaders</Filter>
    </None>
    <None Include="..\Assets\Shaders\shader.yaml">
      <Filter>Shaders</Filter>
    </None>
    <None Include="..\Assets\Shaders\sky.frag">
      <Filter>Shaders</Filter>
    </None>
    <None Include="..\Assets\Shaders\sky.vert">
      <Filter>Shaders</Filter>
    </None>
    <None Include="..\Assets\Shaders\sky.yaml">
      <Filter>Shaders</Filter>
    </None>
    <None Include="..\Assets\Shaders\lib\common.glsl">
      <Filter>Shaders\lib</Filter>
    </None>
    <None Include="..\Assets\Shaders\lib\input.glsl">
      <Filter>Shaders\lib</Filter>
    </None>
    <None Include="..\Assets\Shaders\lib\light.glsl">
      <Filter>Shaders\lib</Filter>
    </None>
    <None Include="..\Assets\Shaders\lib\lighting.glsl">
      <Filter>Shaders\lib</Filter>
    </None>
    <None Include="..\Assets\Shaders\lib\Surface.glsl">
      <Filter>Shaders\lib</Filter>
    </None>
  </ItemGroup>
</Project>