<?xml version="1.0" encoding="utf-8"?>
<Project ToolsVersion="4.0" xmlns="http://schemas.microsoft.com/developer/msbuild/2003">
  <ItemGroup>
    <ClCompile Include="..\extern\glad\glad.c">
      <Filter>Glad</Filter>
    </ClCompile>
    <ClCompile Include="Application.cpp">
      <Filter>Core</Filter>
    </ClCompile>
    <ClCompile Include="AssetDatabase.cpp">
      <Filter>Assets</Filter>
    </ClCompile>
    <ClCompile Include="LightingEnviroment.cpp">
      <Filter>Rendering\Lighting</Filter>
    </ClCompile>
    <ClCompile Include="Input.cpp">
      <Filter>Core</Filter>
    </ClCompile>
    <ClCompile Include="..\extern\imgui\imgui.cpp">
      <Filter>imgui</Filter>
    </ClCompile>
    <ClCompile Include="..\extern\imgui\imgui_demo.cpp">
      <Filter>imgui</Filter>
    </ClCompile>
    <ClCompile Include="..\extern\imgui\imgui_draw.cpp">
      <Filter>imgui</Filter>
    </ClCompile>
    <ClCompile Include="..\extern\imgui\imgui_impl_glfw.cpp">
      <Filter>imgui</Filter>
    </ClCompile>
    <ClCompile Include="..\extern\imgui\imgui_impl_opengl3.cpp">
      <Filter>imgui</Filter>
    </ClCompile>
    <ClCompile Include="..\extern\imgui\imgui_tables.cpp">
      <Filter>imgui</Filter>
    </ClCompile>
    <ClCompile Include="..\extern\imgui\imgui_widgets.cpp">
      <Filter>imgui</Filter>
    </ClCompile>
    <ClCompile Include="KeyTable.cpp">
      <Filter>Core</Filter>
    </ClCompile>
    <ClCompile Include="RenderTarget.cpp">
      <Filter>Rendering</Filter>
    </ClCompile>
    <ClCompile Include="Asset.cpp">
      <Filter>Assets</Filter>
    </ClCompile>
    <ClCompile Include="FileUtility.cpp">
      <Filter>Utility</Filter>
    </ClCompile>
    <ClCompile Include="AssetDatabasePredicate.cpp">
      <Filter>Assets</Filter>
    </ClCompile>
    <ClCompile Include="LogMaster.cpp">
      <Filter>LogMaster</Filter>
    </ClCompile>
    <ClCompile Include="StringUtility.cpp">
      <Filter>Utility</Filter>
    </ClCompile>
    <ClCompile Include="MeshInstance.cpp">
      <Filter>Core\Mesh</Filter>
    </ClCompile>
    <ClCompile Include="Submesh.cpp">
      <Filter>Core\Mesh</Filter>
    </ClCompile>
    <ClCompile Include="ColorUtility.cpp">
      <Filter>Utility</Filter>
    </ClCompile>
    <ClCompile Include="main.cpp" />
    <ClCompile Include="Maths.cpp">
      <Filter>Utility</Filter>
    </ClCompile>
    <ClCompile Include="Scene.cpp">
      <Filter>Scenes</Filter>
    </ClCompile>
    <ClCompile Include="SceneObject.cpp">
      <Filter>Scenes</Filter>
    </ClCompile>
    <ClCompile Include="RenderPipeline.cpp">
      <Filter>Rendering</Filter>
    </ClCompile>
    <ClCompile Include="RenderProfillingContext.cpp">
      <Filter>Rendering</Filter>
    </ClCompile>
    <ClCompile Include="Camera.cpp">
      <Filter>Rendering\Camera</Filter>
    </ClCompile>
    <ClCompile Include="CameraController.cpp">
      <Filter>Rendering\Camera</Filter>
    </ClCompile>
    <ClCompile Include="GLBabysitter.cpp">
      <Filter>Rendering\Debugging</Filter>
    </ClCompile>
    <ClCompile Include="GLuniform.cpp">
      <Filter>Rendering\Communication</Filter>
    </ClCompile>
    <ClCompile Include="ShaderPreprocessor.cpp">
      <Filter>Rendering\Shaders</Filter>
    </ClCompile>
    <ClCompile Include="ShaderProgram.cpp">
      <Filter>Rendering\Shaders</Filter>
    </ClCompile>
    <ClCompile Include="UniformBufferObject.cpp">
      <Filter>Rendering\Communication</Filter>
    </ClCompile>
    <ClCompile Include="Skybox.cpp">
      <Filter>Rendering\Materials</Filter>
    </ClCompile>
    <ClCompile Include="Material.cpp">
      <Filter>Rendering\Materials</Filter>
    </ClCompile>
    <ClCompile Include="Texture.cpp">
      <Filter>Assets</Filter>
    </ClCompile>
    <ClCompile Include="Mesh.cpp">
      <Filter>Assets</Filter>
    </ClCompile>
    <ClCompile Include="DirectionalLight.cpp">
      <Filter>Rendering\Lighting</Filter>
    </ClCompile>
    <ClCompile Include="PointLight.cpp">
      <Filter>Inspection</Filter>
    </ClCompile>
    <ClCompile Include="InspectorUtility.cpp">
      <Filter>Utility</Filter>
    </ClCompile>
    <ClCompile Include="InputDevice.cpp">
      <Filter>Core</Filter>
    </ClCompile>
    <ClCompile Include="Mouse.cpp">
      <Filter>Core</Filter>
    </ClCompile>
  </ItemGroup>
  <ItemGroup>
    <Filter Include="Rendering">
      <UniqueIdentifier>{fae0a39e-2266-4b39-98a4-1fdace3f9dc6}</UniqueIdentifier>
    </Filter>
    <Filter Include="Core">
      <UniqueIdentifier>{75f7bb83-1e25-425d-88ad-ab252016f88c}</UniqueIdentifier>
    </Filter>
    <Filter Include="Glad">
      <UniqueIdentifier>{93a838e1-958b-45d7-b416-a2799e1ec061}</UniqueIdentifier>
    </Filter>
    <Filter Include="Assets">
      <UniqueIdentifier>{b4d17bd1-7312-4426-8a37-789f9d24f9aa}</UniqueIdentifier>
    </Filter>
    <Filter Include="Rendering\Lighting">
      <UniqueIdentifier>{8269d0e4-e8e6-4f4f-b2b1-4d84b6de4167}</UniqueIdentifier>
    </Filter>
    <Filter Include="stb">
      <UniqueIdentifier>{3e1572a9-7751-4287-acb8-810480c24c25}</UniqueIdentifier>
    </Filter>
    <Filter Include="imgui">
      <UniqueIdentifier>{9d758e65-6161-468b-842c-3ce9b5ac10ec}</UniqueIdentifier>
    </Filter>
    <Filter Include="Utility">
      <UniqueIdentifier>{2e8f87eb-5248-4d5e-b44d-2590a6f24c75}</UniqueIdentifier>
    </Filter>
    <Filter Include="LogMaster">
      <UniqueIdentifier>{b07ab74d-5bb6-4c73-8ba5-6f40963090a4}</UniqueIdentifier>
    </Filter>
    <Filter Include="Core\Mesh">
      <UniqueIdentifier>{08105f69-c234-4382-a445-5a1fe3d84fee}</UniqueIdentifier>
    </Filter>
    <Filter Include="Scenes">
      <UniqueIdentifier>{d76cfaef-a1a0-4fa3-89e8-01aaacbac78a}</UniqueIdentifier>
    </Filter>
    <Filter Include="Rendering\Camera">
      <UniqueIdentifier>{bfab3076-6bbd-4862-917f-c182e5deb739}</UniqueIdentifier>
    </Filter>
    <Filter Include="Rendering\Debugging">
      <UniqueIdentifier>{3b441d6f-bffc-442f-b860-8471928d559e}</UniqueIdentifier>
    </Filter>
    <Filter Include="Rendering\Shaders">
      <UniqueIdentifier>{f6068f41-7598-49b1-95dc-46b27f44e1d3}</UniqueIdentifier>
    </Filter>
    <Filter Include="Rendering\Communication">
      <UniqueIdentifier>{4ee2ba75-38e9-4c39-b4a8-6868c5ad63e8}</UniqueIdentifier>
    </Filter>
    <Filter Include="Rendering\Materials">
      <UniqueIdentifier>{b7f5711b-1e8b-4a3a-b5e6-e43f3a54da8a}</UniqueIdentifier>
    </Filter>
    <Filter Include="Inspection">
      <UniqueIdentifier>{da8543c4-2816-441d-a573-fd873ce861d6}</UniqueIdentifier>
    </Filter>
    <Filter Include="Shaders">
      <UniqueIdentifier>{864690cd-45e3-4899-bd4d-202597d95266}</UniqueIdentifier>
    </Filter>
    <Filter Include="Shaders\Library">
      <UniqueIdentifier>{5e2060ea-847f-41e8-a0f4-558c0760cbb7}</UniqueIdentifier>
    </Filter>
  </ItemGroup>
  <ItemGroup>
    <ClInclude Include="..\extern\glad\khrplatform.h">
      <Filter>Glad</Filter>
    </ClInclude>
    <ClInclude Include="..\extern\glad\glad.h">
      <Filter>Glad</Filter>
    </ClInclude>
    <ClInclude Include="Graphics.h">
      <Filter>Rendering</Filter>
    </ClInclude>
    <ClInclude Include="Application.h">
      <Filter>Core</Filter>
    </ClInclude>
    <ClInclude Include="AssetDatabase.h">
      <Filter>Assets</Filter>
    </ClInclude>
    <ClInclude Include="LightingEnviroment.h">
      <Filter>Rendering\Lighting</Filter>
    </ClInclude>
    <ClInclude Include="stb_include.h">
      <Filter>stb</Filter>
    </ClInclude>
    <ClInclude Include="Input.h">
      <Filter>Core</Filter>
    </ClInclude>
    <ClInclude Include="..\extern\imgui\dirent.h">
      <Filter>imgui</Filter>
    </ClInclude>
    <ClInclude Include="..\extern\imgui\imconfig.h">
      <Filter>imgui</Filter>
    </ClInclude>
    <ClInclude Include="..\extern\imgui\imgui.h">
      <Filter>imgui</Filter>
    </ClInclude>
    <ClInclude Include="..\extern\imgui\imgui_impl_glfw.h">
      <Filter>imgui</Filter>
    </ClInclude>
    <ClInclude Include="..\extern\imgui\imgui_impl_opengl3.h">
      <Filter>imgui</Filter>
    </ClInclude>
    <ClInclude Include="..\extern\imgui\imgui_impl_opengl3_loader.h">
      <Filter>imgui</Filter>
    </ClInclude>
    <ClInclude Include="..\extern\imgui\imgui_internal.h">
      <Filter>imgui</Filter>
    </ClInclude>
    <ClInclude Include="..\extern\imgui\imstb_rectpack.h">
      <Filter>imgui</Filter>
    </ClInclude>
    <ClInclude Include="..\extern\imgui\imstb_textedit.h">
      <Filter>imgui</Filter>
    </ClInclude>
    <ClInclude Include="..\extern\imgui\imstb_truetype.h">
      <Filter>imgui</Filter>
    </ClInclude>
    <ClInclude Include="KeyTable.h">
      <Filter>Core</Filter>
    </ClInclude>
    <ClInclude Include="RenderTarget.h">
      <Filter>Rendering</Filter>
    </ClInclude>
    <ClInclude Include="stb_image.h">
      <Filter>stb</Filter>
    </ClInclude>
    <ClInclude Include="Asset.h">
      <Filter>Assets</Filter>
    </ClInclude>
    <ClInclude Include="FileUtility.h">
      <Filter>Utility</Filter>
    </ClInclude>
    <ClInclude Include="AssetDatabasePredicate.h">
      <Filter>Assets</Filter>
    </ClInclude>
    <ClInclude Include="LogMaster.h">
      <Filter>LogMaster</Filter>
    </ClInclude>
    <ClInclude Include="StringUtility.h">
      <Filter>Utility</Filter>
    </ClInclude>
    <ClInclude Include="MeshInstance.h">
      <Filter>Core\Mesh</Filter>
    </ClInclude>
    <ClInclude Include="VertexData.h">
      <Filter>Core\Mesh</Filter>
    </ClInclude>
    <ClInclude Include="Submesh.h">
      <Filter>Core\Mesh</Filter>
    </ClInclude>
    <ClInclude Include="ColorUtility.h">
      <Filter>Utility</Filter>
    </ClInclude>
    <ClInclude Include="Maths.h">
      <Filter>Utility</Filter>
    </ClInclude>
    <ClInclude Include="Scene.h">
      <Filter>Scenes</Filter>
    </ClInclude>
    <ClInclude Include="SceneObject.h">
      <Filter>Scenes</Filter>
    </ClInclude>
    <ClInclude Include="RenderPipeline.h">
      <Filter>Rendering</Filter>
    </ClInclude>
    <ClInclude Include="RenderProfillingContext.h">
      <Filter>Rendering</Filter>
    </ClInclude>
    <ClInclude Include="Camera.h">
      <Filter>Rendering\Camera</Filter>
    </ClInclude>
    <ClInclude Include="CameraController.h">
      <Filter>Rendering\Camera</Filter>
    </ClInclude>
    <ClInclude Include="GLBabysitter.h">
      <Filter>Rendering\Debugging</Filter>
    </ClInclude>
    <ClInclude Include="GLuniform.h">
      <Filter>Rendering\Communication</Filter>
    </ClInclude>
    <ClInclude Include="ShaderPreprocessor.h">
      <Filter>Rendering\Shaders</Filter>
    </ClInclude>
    <ClInclude Include="ShaderProgram.h">
      <Filter>Rendering\Shaders</Filter>
    </ClInclude>
    <ClInclude Include="UniformBufferObject.h">
      <Filter>Rendering\Communication</Filter>
    </ClInclude>
    <ClInclude Include="Skybox.h">
      <Filter>Rendering\Materials</Filter>
    </ClInclude>
    <ClInclude Include="Material.h">
      <Filter>Rendering\Materials</Filter>
    </ClInclude>
    <ClInclude Include="Texture.h">
      <Filter>Assets</Filter>
    </ClInclude>
    <ClInclude Include="Mesh.h">
      <Filter>Assets</Filter>
    </ClInclude>
    <ClInclude Include="DirectionalLight.h">
      <Filter>Rendering\Lighting</Filter>
    </ClInclude>
    <ClInclude Include="PointLight.h">
      <Filter>Rendering\Lighting</Filter>
    </ClInclude>
    <ClInclude Include="InspectorUtility.h">
      <Filter>Utility</Filter>
    </ClInclude>
    <ClInclude Include="Mouse.h">
      <Filter>Core</Filter>
    </ClInclude>
    <ClInclude Include="InputDevice.h">
      <Filter>Core</Filter>
    </ClInclude>
  </ItemGroup>
  <ItemGroup>
    <None Include="..\Assets\Shaders\fallback.frag">
      <Filter>Shaders</Filter>
    </None>
    <None Include="..\Assets\Shaders\fallback.vert">
      <Filter>Shaders</Filter>
    </None>
    <None Include="..\Assets\Shaders\shader.frag">
      <Filter>Shaders</Filter>
    </None>
    <None Include="..\Assets\Shaders\shader.vert">
      <Filter>Shaders</Filter>
    </None>
    <None Include="..\Assets\Shaders\sky.frag">
      <Filter>Shaders</Filter>
    </None>
    <None Include="..\Assets\Shaders\sky.vert">
      <Filter>Shaders</Filter>
    </None>
    <None Include="..\Assets\Shaders\lib\common.glsl">
      <Filter>Shaders\Library</Filter>
    </None>
    <None Include="..\Assets\Shaders\lib\input.glsl">
      <Filter>Shaders\Library</Filter>
    </None>
    <None Include="..\Assets\Shaders\lib\light.glsl">
      <Filter>Shaders\Library</Filter>
    </None>
    <None Include="..\Assets\Shaders\lib\lighting.glsl">
      <Filter>Shaders\Library</Filter>
    </None>
    <None Include="..\Assets\Shaders\lib\Surface.glsl">
      <Filter>Shaders\Library</Filter>
    </None>
  </ItemGroup>
</Project>